
Microsoft Visual Studio Solution File, Format Version 12.00
# Visual Studio Version 16
VisualStudioVersion = 16.0.31702.278
MinimumVisualStudioVersion = 10.0.40219.1
Project("{FAE04EC0-301F-11D3-BF4B-00C04F79EFBC}") = "WinFormsApp9", "WinFormsApp9\WinFormsApp9.csproj", "{7B90C5C5-8A9A-499B-92C6-567CB48C6322}"
EndProject
Global
	GlobalSection(SolutionConfigurationPlatforms) = preSolution
		Debug|Any CPU = Debug|Any CPU
		Release|Any CPU = Release|Any CPU
	EndGlobalSection
	GlobalSection(ProjectConfigurationPlatforms) = postSolution
		{7B90C5C5-8A9A-499B-92C6-567CB48C6322}.Debug|Any CPU.ActiveCfg = Debug|Any CPU
		{7B90C5C5-8A9A-499B-92C6-567CB48C6322}.Debug|Any CPU.Build.0 = Debug|Any CPU
		{7B90C5C5-8A9A-499B-92C6-567CB48C6322}.Release|Any CPU.ActiveCfg = Release|Any CPU
		{7B90C5C5-8A9A-499B-92C6-567CB48C6322}.Release|Any CPU.Build.0 = Release|Any CPU
	EndGlobalSection
	GlobalSection(SolutionProperties) = preSolution
		HideSolutionNode = FALSE
	EndGlobalSection
	GlobalSection(ExtensibilityGlobals) = postSolution
		SolutionGuid = {0CFC222D-0018-4F72-B3A3-AD8BB7B6AFD4}
	EndGlobalSection
EndGlobal
